
Microsoft Visual Studio Solution File, Format Version 12.00
# Visual Studio 15
VisualStudioVersion = 15.0.27130.2010
MinimumVisualStudioVersion = 10.0.40219.1
Project("{FAE04EC0-301F-11D3-BF4B-00C04F79EFBC}") = "SampleWebApi", "SampleWebApi\SampleWebApi.csproj", "{1F511FCB-2E67-4508-AFED-4C13FF3CC1B7}"
EndProject
Project("{E53339B2-1760-4266-BCC7-CA923CBCF16C}") = "docker-compose", "docker-compose.dcproj", "{A5AEAE64-AEA9-49EB-9DB7-64F952CFD587}"
EndProject
Global
	GlobalSection(SolutionConfigurationPlatforms) = preSolution
		Debug|Any CPU = Debug|Any CPU
		Release|Any CPU = Release|Any CPU
	EndGlobalSection
	GlobalSection(ProjectConfigurationPlatforms) = postSolution
		{1F511FCB-2E67-4508-AFED-4C13FF3CC1B7}.Debug|Any CPU.ActiveCfg = Debug|Any CPU
		{1F511FCB-2E67-4508-AFED-4C13FF3CC1B7}.Debug|Any CPU.Build.0 = Debug|Any CPU
		{1F511FCB-2E67-4508-AFED-4C13FF3CC1B7}.Release|Any CPU.ActiveCfg = Release|Any CPU
		{1F511FCB-2E67-4508-AFED-4C13FF3CC1B7}.Release|Any CPU.Build.0 = Release|Any CPU
		{A5AEAE64-AEA9-49EB-9DB7-64F952CFD587}.Debug|Any CPU.ActiveCfg = Debug|Any CPU
		{A5AEAE64-AEA9-49EB-9DB7-64F952CFD587}.Debug|Any CPU.Build.0 = Debug|Any CPU
		{A5AEAE64-AEA9-49EB-9DB7-64F952CFD587}.Release|Any CPU.ActiveCfg = Release|Any CPU
		{A5AEAE64-AEA9-49EB-9DB7-64F952CFD587}.Release|Any CPU.Build.0 = Release|Any CPU
	EndGlobalSection
	GlobalSection(SolutionProperties) = preSolution
		HideSolutionNode = FALSE
	EndGlobalSection
	GlobalSection(ExtensibilityGlobals) = postSolution
		SolutionGuid = {6A31A2E0-6556-4C33-84EF-BFECA407D462}
	EndGlobalSection
EndGlobal
